
Microsoft Visual Studio Solution File, Format Version 12.00
# Visual Studio Version 17
VisualStudioVersion = 17.7.34003.232
MinimumVisualStudioVersion = 10.0.40219.1
Project("{9A19103F-16F7-4668-BE54-9A1E7A4F7556}") = "HRManagement.Server", "HRManagement\Server\HRManagement.Server.csproj", "{A7DFD0AD-D6E6-4D85-9859-DB87908B8258}"
EndProject
Project("{9A19103F-16F7-4668-BE54-9A1E7A4F7556}") = "HRManagement.Client", "HRManagement\Client\HRManagement.Client.csproj", "{EBBD7F25-6305-48CD-9FEA-197FD7AF3B7E}"
EndProject
Project("{9A19103F-16F7-4668-BE54-9A1E7A4F7556}") = "HRManagement.Shared", "HRManagement\Shared\HRManagement.Shared.csproj", "{70401C1D-D532-489B-BD6C-7FFC28B35B77}"
EndProject
Global
	GlobalSection(SolutionConfigurationPlatforms) = preSolution
		Debug|Any CPU = Debug|Any CPU
		Release|Any CPU = Release|Any CPU
	EndGlobalSection
	GlobalSection(ProjectConfigurationPlatforms) = postSolution
		{A7DFD0AD-D6E6-4D85-9859-DB87908B8258}.Debug|Any CPU.ActiveCfg = Debug|Any CPU
		{A7DFD0AD-D6E6-4D85-9859-DB87908B8258}.Debug|Any CPU.Build.0 = Debug|Any CPU
		{A7DFD0AD-D6E6-4D85-9859-DB87908B8258}.Release|Any CPU.ActiveCfg = Release|Any CPU
		{A7DFD0AD-D6E6-4D85-9859-DB87908B8258}.Release|Any CPU.Build.0 = Release|Any CPU
		{EBBD7F25-6305-48CD-9FEA-197FD7AF3B7E}.Debug|Any CPU.ActiveCfg = Debug|Any CPU
		{EBBD7F25-6305-48CD-9FEA-197FD7AF3B7E}.Debug|Any CPU.Build.0 = Debug|Any CPU
		{EBBD7F25-6305-48CD-9FEA-197FD7AF3B7E}.Release|Any CPU.ActiveCfg = Release|Any CPU
		{EBBD7F25-6305-48CD-9FEA-197FD7AF3B7E}.Release|Any CPU.Build.0 = Release|Any CPU
		{70401C1D-D532-489B-BD6C-7FFC28B35B77}.Debug|Any CPU.ActiveCfg = Debug|Any CPU
		{70401C1D-D532-489B-BD6C-7FFC28B35B77}.Debug|Any CPU.Build.0 = Debug|Any CPU
		{70401C1D-D532-489B-BD6C-7FFC28B35B77}.Release|Any CPU.ActiveCfg = Release|Any CPU
		{70401C1D-D532-489B-BD6C-7FFC28B35B77}.Release|Any CPU.Build.0 = Release|Any CPU
	EndGlobalSection
	GlobalSection(SolutionProperties) = preSolution
		HideSolutionNode = FALSE
	EndGlobalSection
	GlobalSection(ExtensibilityGlobals) = postSolution
		SolutionGuid = {7A1EA1C7-219E-4DD1-803E-D3A040222137}
	EndGlobalSection
EndGlobal
